{
  "originHash" : "eff6d695b2e02c4d623e165f451257d00daf8d0032fd2b69636aef6fa72480ae",
  "pins" : [
    {
      "identity" : "elementary",
      "kind" : "remoteSourceControl",
      "location" : "https://github.com/sliemeobn/elementary.git",
      "state" : {
        "revision" : "e92923b74201289fbed5a4bca273887faa36e39a",
        "version" : "0.1.0-beta.5"
      }
    }
  ],
  "version" : 3
}
